
Microsoft Visual Studio Solution File, Format Version 12.00
# Visual Studio Version 16
VisualStudioVersion = 16.0.29001.49
MinimumVisualStudioVersion = 10.0.40219.1
Project("{FAE04EC0-301F-11D3-BF4B-00C04F79EFBC}") = "AppMusique", "AppMusique\AppMusique.csproj", "{DCA82F22-35D0-4F83-A5D8-D097A1BB9D5A}"
EndProject
Global
	GlobalSection(SolutionConfigurationPlatforms) = preSolution
		Debug|Any CPU = Debug|Any CPU
		Release|Any CPU = Release|Any CPU
	EndGlobalSection
	GlobalSection(ProjectConfigurationPlatforms) = postSolution
		{DCA82F22-35D0-4F83-A5D8-D097A1BB9D5A}.Debug|Any CPU.ActiveCfg = Debug|Any CPU
		{DCA82F22-35D0-4F83-A5D8-D097A1BB9D5A}.Debug|Any CPU.Build.0 = Debug|Any CPU
		{DCA82F22-35D0-4F83-A5D8-D097A1BB9D5A}.Release|Any CPU.ActiveCfg = Release|Any CPU
		{DCA82F22-35D0-4F83-A5D8-D097A1BB9D5A}.Release|Any CPU.Build.0 = Release|Any CPU
	EndGlobalSection
	GlobalSection(SolutionProperties) = preSolution
		HideSolutionNode = FALSE
	EndGlobalSection
	GlobalSection(ExtensibilityGlobals) = postSolution
		SolutionGuid = {C69B676F-D6DE-4319-AD7A-CC2CCF142AE5}
	EndGlobalSection
	GlobalSection(TestCaseManagementSettings) = postSolution
		CategoryFile = AppBaladeur.vsmdi
	EndGlobalSection
EndGlobal
